
Microsoft Visual Studio Solution File, Format Version 12.00
# Visual Studio 2012
Project("{8BC9CEB8-8B4A-11D0-8D11-00A0C91BC942}") = "001.Two Sum", "001.Two Sum\001.Two Sum.vcxproj", "{AA22BE83-E9DA-42B7-8705-5DEEA3DE1FAB}"
EndProject
Project("{8BC9CEB8-8B4A-11D0-8D11-00A0C91BC942}") = "006.ZigZag Conversion", "006.ZigZag Conversion\006.ZigZag Conversion.vcxproj", "{7B22A9A8-B8D6-4FC8-9551-4F02AEFDE8D2}"
EndProject
Project("{8BC9CEB8-8B4A-11D0-8D11-00A0C91BC942}") = "010.Regular Expression Matching", "010.Regular Expression Matching\010.Regular Expression Matching.vcxproj", "{5D9B505B-6A1E-481D-858A-2A88D3582436}"
EndProject
Project("{8BC9CEB8-8B4A-11D0-8D11-00A0C91BC942}") = "011.Container With Most Water", "011.Container With Most Water\011.Container With Most Water.vcxproj", "{2257233C-8E8A-4F05-BADB-E0FC4ECE77F5}"
EndProject
Project("{8BC9CEB8-8B4A-11D0-8D11-00A0C91BC942}") = "013.Roman to integer", "013.Roman to integer\013.Roman to integer.vcxproj", "{DC756E3B-D3A5-4D9D-B91A-28D250A42BB6}"
EndProject
Project("{8BC9CEB8-8B4A-11D0-8D11-00A0C91BC942}") = "014.Longest Common Prefix", "014.Longest Common Prefix\014.Longest Common Prefix.vcxproj", "{7A5B9563-BBC5-46C2-8838-66F06A14225F}"
EndProject
Project("{8BC9CEB8-8B4A-11D0-8D11-00A0C91BC942}") = "020.Valid Parentheses", "020.Valid Parentheses\020.Valid Parentheses.vcxproj", "{2284770C-5811-4AC3-A4F1-C02932A4E7C2}"
EndProject
Project("{8BC9CEB8-8B4A-11D0-8D11-00A0C91BC942}") = "025.Reverse Nodes in k-Group", "025.Reverse Nodes in k-Group\025.Reverse Nodes in k-Group.vcxproj", "{AFDC2D9E-F933-4906-A55C-FAF2F26B2872}"
EndProject
Project("{8BC9CEB8-8B4A-11D0-8D11-00A0C91BC942}") = "026.Remove Duplicates from Sorted Array", "026.Remove Duplicates from Sorted Array\026.Remove Duplicates from Sorted Array.vcxproj", "{22589DF3-6742-4E29-9EEA-15C983D7FFB0}"
EndProject
Project("{8BC9CEB8-8B4A-11D0-8D11-00A0C91BC942}") = "033.Search in Rotated Sorted Array", "033.Search in Rotated Sorted Array\033.Search in Rotated Sorted Array.vcxproj", "{94E18321-A06E-42A5-B1FD-3031B0E404D2}"
EndProject
Project("{8BC9CEB8-8B4A-11D0-8D11-00A0C91BC942}") = "036.Valid Sudoku", "036.Valid Sudoku\036.Valid Sudoku.vcxproj", "{0ACF62C8-B81E-4610-91BB-F9346BC421A1}"
EndProject
Project("{8BC9CEB8-8B4A-11D0-8D11-00A0C91BC942}") = "042.Trapping Rain Water", "042.Trapping Rain Water\042.Trapping Rain Water.vcxproj", "{3F6E6E98-5E84-415F-9D1F-5E5644288A18}"
EndProject
Project("{8BC9CEB8-8B4A-11D0-8D11-00A0C91BC942}") = "067.Add Binary", "067.Add Binary\067.Add Binary.vcxproj", "{FB19B2D9-4DFD-4C53-BC44-16D43AFF174A}"
EndProject
Project("{8BC9CEB8-8B4A-11D0-8D11-00A0C91BC942}") = "074.Search a 2D Matrix", "074.Search a 2D Matrix\074.Search a 2D Matrix.vcxproj", "{830FEE77-65C3-49A5-B64B-352114E1D5A4}"
EndProject
Project("{8BC9CEB8-8B4A-11D0-8D11-00A0C91BC942}") = "078.Subsets", "078.Subsets\078.Subsets.vcxproj", "{BC26BF9A-9001-4EE0-979E-628C340D5768}"
EndProject
Project("{8BC9CEB8-8B4A-11D0-8D11-00A0C91BC942}") = "080.Remove Duplicates from Sorted Array II", "080.Remove Duplicates from Sorted Array II\080.Remove Duplicates from Sorted Array II.vcxproj", "{1333C12A-D52B-420C-8171-9A3240A789F6}"
EndProject
Project("{8BC9CEB8-8B4A-11D0-8D11-00A0C91BC942}") = "081.Search in Rotated Sorted Array II", "081.Search in Rotated Sorted Array II\081.Search in Rotated Sorted Array II.vcxproj", "{82710DBE-F690-4507-B7F7-86D8D6DFA271}"
EndProject
Project("{8BC9CEB8-8B4A-11D0-8D11-00A0C91BC942}") = "082.Remove Duplicates from Sorted List II", "082.Remove Duplicates from Sorted List II\082.Remove Duplicates from Sorted List II.vcxproj", "{AA4F6001-55EE-448A-B09B-DF35DB86FA25}"
EndProject
Project("{8BC9CEB8-8B4A-11D0-8D11-00A0C91BC942}") = "083.Remove Duplicates from Sorted List", "083.Remove Duplicates from Sorted List\083.Remove Duplicates from Sorted List.vcxproj", "{80B53061-B59F-46DA-B5A5-3303E58B109B}"
EndProject
Project("{8BC9CEB8-8B4A-11D0-8D11-00A0C91BC942}") = "084.Largest Rectangle in Histogram", "084.Largest Rectangle in Histogram\084.Largest Rectangle in Histogram.vcxproj", "{03AAAAD0-205B-4075-B572-116707656A18}"
EndProject
Project("{8BC9CEB8-8B4A-11D0-8D11-00A0C91BC942}") = "086.Partition List", "086.Partition List\086.Partition List.vcxproj", "{97A67A9E-FBC5-4A9C-A9B1-A6F54EBB1399}"
EndProject
Project("{8BC9CEB8-8B4A-11D0-8D11-00A0C91BC942}") = "088.Merge Sorted Array", "088.Merge Sorted Array\088.Merge Sorted Array.vcxproj", "{C9501667-E654-4C15-B848-4A44EACDB28C}"
EndProject
Project("{8BC9CEB8-8B4A-11D0-8D11-00A0C91BC942}") = "089.Gray Code", "089.Gray Code\089.Gray Code.vcxproj", "{DDDBBFFD-877D-44F3-9206-88C0615EF01A}"
EndProject
Project("{8BC9CEB8-8B4A-11D0-8D11-00A0C91BC942}") = "094.Binary Tree Inorder Traversal", "094.Binary Tree Inorder Traversal\094.Binary Tree Inorder Traversal.vcxproj", "{EAFD5B63-2DF4-494D-87A2-90E2FF15A538}"
EndProject
Project("{8BC9CEB8-8B4A-11D0-8D11-00A0C91BC942}") = "095.Unique Binary Search Trees II", "095.Unique Binary Search Trees II\095.Unique Binary Search Trees II.vcxproj", "{FE3675E8-55B7-4729-83DE-D4F167C58837}"
EndProject
Project("{8BC9CEB8-8B4A-11D0-8D11-00A0C91BC942}") = "096.Unique Binary Search Trees", "096.Unique Binary Search Trees\096.Unique Binary Search Trees.vcxproj", "{54E1C608-4E54-4EAB-93CA-45B79A8E7CF1}"
EndProject
Global
	GlobalSection(SolutionConfigurationPlatforms) = preSolution
		Debug|Win32 = Debug|Win32
		Release|Win32 = Release|Win32
	EndGlobalSection
	GlobalSection(ProjectConfigurationPlatforms) = postSolution
		{AA22BE83-E9DA-42B7-8705-5DEEA3DE1FAB}.Debug|Win32.ActiveCfg = Debug|Win32
		{AA22BE83-E9DA-42B7-8705-5DEEA3DE1FAB}.Debug|Win32.Build.0 = Debug|Win32
		{AA22BE83-E9DA-42B7-8705-5DEEA3DE1FAB}.Release|Win32.ActiveCfg = Release|Win32
		{AA22BE83-E9DA-42B7-8705-5DEEA3DE1FAB}.Release|Win32.Build.0 = Release|Win32
		{7B22A9A8-B8D6-4FC8-9551-4F02AEFDE8D2}.Debug|Win32.ActiveCfg = Debug|Win32
		{7B22A9A8-B8D6-4FC8-9551-4F02AEFDE8D2}.Debug|Win32.Build.0 = Debug|Win32
		{7B22A9A8-B8D6-4FC8-9551-4F02AEFDE8D2}.Release|Win32.ActiveCfg = Release|Win32
		{7B22A9A8-B8D6-4FC8-9551-4F02AEFDE8D2}.Release|Win32.Build.0 = Release|Win32
		{5D9B505B-6A1E-481D-858A-2A88D3582436}.Debug|Win32.ActiveCfg = Debug|Win32
		{5D9B505B-6A1E-481D-858A-2A88D3582436}.Debug|Win32.Build.0 = Debug|Win32
		{5D9B505B-6A1E-481D-858A-2A88D3582436}.Release|Win32.ActiveCfg = Release|Win32
		{5D9B505B-6A1E-481D-858A-2A88D3582436}.Release|Win32.Build.0 = Release|Win32
		{2257233C-8E8A-4F05-BADB-E0FC4ECE77F5}.Debug|Win32.ActiveCfg = Debug|Win32
		{2257233C-8E8A-4F05-BADB-E0FC4ECE77F5}.Debug|Win32.Build.0 = Debug|Win32
		{2257233C-8E8A-4F05-BADB-E0FC4ECE77F5}.Release|Win32.ActiveCfg = Release|Win32
		{2257233C-8E8A-4F05-BADB-E0FC4ECE77F5}.Release|Win32.Build.0 = Release|Win32
		{DC756E3B-D3A5-4D9D-B91A-28D250A42BB6}.Debug|Win32.ActiveCfg = Debug|Win32
		{DC756E3B-D3A5-4D9D-B91A-28D250A42BB6}.Debug|Win32.Build.0 = Debug|Win32
		{DC756E3B-D3A5-4D9D-B91A-28D250A42BB6}.Release|Win32.ActiveCfg = Release|Win32
		{DC756E3B-D3A5-4D9D-B91A-28D250A42BB6}.Release|Win32.Build.0 = Release|Win32
		{7A5B9563-BBC5-46C2-8838-66F06A14225F}.Debug|Win32.ActiveCfg = Debug|Win32
		{7A5B9563-BBC5-46C2-8838-66F06A14225F}.Debug|Win32.Build.0 = Debug|Win32
		{7A5B9563-BBC5-46C2-8838-66F06A14225F}.Release|Win32.ActiveCfg = Release|Win32
		{7A5B9563-BBC5-46C2-8838-66F06A14225F}.Release|Win32.Build.0 = Release|Win32
		{2284770C-5811-4AC3-A4F1-C02932A4E7C2}.Debug|Win32.ActiveCfg = Debug|Win32
		{2284770C-5811-4AC3-A4F1-C02932A4E7C2}.Debug|Win32.Build.0 = Debug|Win32
		{2284770C-5811-4AC3-A4F1-C02932A4E7C2}.Release|Win32.ActiveCfg = Release|Win32
		{2284770C-5811-4AC3-A4F1-C02932A4E7C2}.Release|Win32.Build.0 = Release|Win32
		{AFDC2D9E-F933-4906-A55C-FAF2F26B2872}.Debug|Win32.ActiveCfg = Debug|Win32
		{AFDC2D9E-F933-4906-A55C-FAF2F26B2872}.Debug|Win32.Build.0 = Debug|Win32
		{AFDC2D9E-F933-4906-A55C-FAF2F26B2872}.Release|Win32.ActiveCfg = Release|Win32
		{AFDC2D9E-F933-4906-A55C-FAF2F26B2872}.Release|Win32.Build.0 = Release|Win32
		{22589DF3-6742-4E29-9EEA-15C983D7FFB0}.Debug|Win32.ActiveCfg = Debug|Win32
		{22589DF3-6742-4E29-9EEA-15C983D7FFB0}.Debug|Win32.Build.0 = Debug|Win32
		{22589DF3-6742-4E29-9EEA-15C983D7FFB0}.Release|Win32.ActiveCfg = Release|Win32
		{22589DF3-6742-4E29-9EEA-15C983D7FFB0}.Release|Win32.Build.0 = Release|Win32
		{94E18321-A06E-42A5-B1FD-3031B0E404D2}.Debug|Win32.ActiveCfg = Debug|Win32
		{94E18321-A06E-42A5-B1FD-3031B0E404D2}.Debug|Win32.Build.0 = Debug|Win32
		{94E18321-A06E-42A5-B1FD-3031B0E404D2}.Release|Win32.ActiveCfg = Release|Win32
		{94E18321-A06E-42A5-B1FD-3031B0E404D2}.Release|Win32.Build.0 = Release|Win32
		{0ACF62C8-B81E-4610-91BB-F9346BC421A1}.Debug|Win32.ActiveCfg = Debug|Win32
		{0ACF62C8-B81E-4610-91BB-F9346BC421A1}.Debug|Win32.Build.0 = Debug|Win32
		{0ACF62C8-B81E-4610-91BB-F9346BC421A1}.Release|Win32.ActiveCfg = Release|Win32
		{0ACF62C8-B81E-4610-91BB-F9346BC421A1}.Release|Win32.Build.0 = Release|Win32
		{3F6E6E98-5E84-415F-9D1F-5E5644288A18}.Debug|Win32.ActiveCfg = Debug|Win32
		{3F6E6E98-5E84-415F-9D1F-5E5644288A18}.Debug|Win32.Build.0 = Debug|Win32
		{3F6E6E98-5E84-415F-9D1F-5E5644288A18}.Release|Win32.ActiveCfg = Release|Win32
		{3F6E6E98-5E84-415F-9D1F-5E5644288A18}.Release|Win32.Build.0 = Release|Win32
		{FB19B2D9-4DFD-4C53-BC44-16D43AFF174A}.Debug|Win32.ActiveCfg = Debug|Win32
		{FB19B2D9-4DFD-4C53-BC44-16D43AFF174A}.Debug|Win32.Build.0 = Debug|Win32
		{FB19B2D9-4DFD-4C53-BC44-16D43AFF174A}.Release|Win32.ActiveCfg = Release|Win32
		{FB19B2D9-4DFD-4C53-BC44-16D43AFF174A}.Release|Win32.Build.0 = Release|Win32
		{830FEE77-65C3-49A5-B64B-352114E1D5A4}.Debug|Win32.ActiveCfg = Debug|Win32
		{830FEE77-65C3-49A5-B64B-352114E1D5A4}.Debug|Win32.Build.0 = Debug|Win32
		{830FEE77-65C3-49A5-B64B-352114E1D5A4}.Release|Win32.ActiveCfg = Release|Win32
		{830FEE77-65C3-49A5-B64B-352114E1D5A4}.Release|Win32.Build.0 = Release|Win32
		{BC26BF9A-9001-4EE0-979E-628C340D5768}.Debug|Win32.ActiveCfg = Debug|Win32
		{BC26BF9A-9001-4EE0-979E-628C340D5768}.Debug|Win32.Build.0 = Debug|Win32
		{BC26BF9A-9001-4EE0-979E-628C340D5768}.Release|Win32.ActiveCfg = Release|Win32
		{BC26BF9A-9001-4EE0-979E-628C340D5768}.Release|Win32.Build.0 = Release|Win32
		{1333C12A-D52B-420C-8171-9A3240A789F6}.Debug|Win32.ActiveCfg = Debug|Win32
		{1333C12A-D52B-420C-8171-9A3240A789F6}.Debug|Win32.Build.0 = Debug|Win32
		{1333C12A-D52B-420C-8171-9A3240A789F6}.Release|Win32.ActiveCfg = Release|Win32
		{1333C12A-D52B-420C-8171-9A3240A789F6}.Release|Win32.Build.0 = Release|Win32
		{82710DBE-F690-4507-B7F7-86D8D6DFA271}.Debug|Win32.ActiveCfg = Debug|Win32
		{82710DBE-F690-4507-B7F7-86D8D6DFA271}.Debug|Win32.Build.0 = Debug|Win32
		{82710DBE-F690-4507-B7F7-86D8D6DFA271}.Release|Win32.ActiveCfg = Release|Win32
		{82710DBE-F690-4507-B7F7-86D8D6DFA271}.Release|Win32.Build.0 = Release|Win32
		{AA4F6001-55EE-448A-B09B-DF35DB86FA25}.Debug|Win32.ActiveCfg = Debug|Win32
		{AA4F6001-55EE-448A-B09B-DF35DB86FA25}.Debug|Win32.Build.0 = Debug|Win32
		{AA4F6001-55EE-448A-B09B-DF35DB86FA25}.Release|Win32.ActiveCfg = Release|Win32
		{AA4F6001-55EE-448A-B09B-DF35DB86FA25}.Release|Win32.Build.0 = Release|Win32
		{80B53061-B59F-46DA-B5A5-3303E58B109B}.Debug|Win32.ActiveCfg = Debug|Win32
		{80B53061-B59F-46DA-B5A5-3303E58B109B}.Debug|Win32.Build.0 = Debug|Win32
		{80B53061-B59F-46DA-B5A5-3303E58B109B}.Release|Win32.ActiveCfg = Release|Win32
		{80B53061-B59F-46DA-B5A5-3303E58B109B}.Release|Win32.Build.0 = Release|Win32
		{03AAAAD0-205B-4075-B572-116707656A18}.Debug|Win32.ActiveCfg = Debug|Win32
		{03AAAAD0-205B-4075-B572-116707656A18}.Debug|Win32.Build.0 = Debug|Win32
		{03AAAAD0-205B-4075-B572-116707656A18}.Release|Win32.ActiveCfg = Release|Win32
		{03AAAAD0-205B-4075-B572-116707656A18}.Release|Win32.Build.0 = Release|Win32
		{97A67A9E-FBC5-4A9C-A9B1-A6F54EBB1399}.Debug|Win32.ActiveCfg = Debug|Win32
		{97A67A9E-FBC5-4A9C-A9B1-A6F54EBB1399}.Debug|Win32.Build.0 = Debug|Win32
		{97A67A9E-FBC5-4A9C-A9B1-A6F54EBB1399}.Release|Win32.ActiveCfg = Release|Win32
		{97A67A9E-FBC5-4A9C-A9B1-A6F54EBB1399}.Release|Win32.Build.0 = Release|Win32
		{C9501667-E654-4C15-B848-4A44EACDB28C}.Debug|Win32.ActiveCfg = Debug|Win32
		{C9501667-E654-4C15-B848-4A44EACDB28C}.Debug|Win32.Build.0 = Debug|Win32
		{C9501667-E654-4C15-B848-4A44EACDB28C}.Release|Win32.ActiveCfg = Release|Win32
		{C9501667-E654-4C15-B848-4A44EACDB28C}.Release|Win32.Build.0 = Release|Win32
		{DDDBBFFD-877D-44F3-9206-88C0615EF01A}.Debug|Win32.ActiveCfg = Debug|Win32
		{DDDBBFFD-877D-44F3-9206-88C0615EF01A}.Debug|Win32.Build.0 = Debug|Win32
		{DDDBBFFD-877D-44F3-9206-88C0615EF01A}.Release|Win32.ActiveCfg = Release|Win32
		{DDDBBFFD-877D-44F3-9206-88C0615EF01A}.Release|Win32.Build.0 = Release|Win32
		{EAFD5B63-2DF4-494D-87A2-90E2FF15A538}.Debug|Win32.ActiveCfg = Debug|Win32
		{EAFD5B63-2DF4-494D-87A2-90E2FF15A538}.Debug|Win32.Build.0 = Debug|Win32
		{EAFD5B63-2DF4-494D-87A2-90E2FF15A538}.Release|Win32.ActiveCfg = Release|Win32
		{EAFD5B63-2DF4-494D-87A2-90E2FF15A538}.Release|Win32.Build.0 = Release|Win32
		{FE3675E8-55B7-4729-83DE-D4F167C58837}.Debug|Win32.ActiveCfg = Debug|Win32
		{FE3675E8-55B7-4729-83DE-D4F167C58837}.Debug|Win32.Build.0 = Debug|Win32
		{FE3675E8-55B7-4729-83DE-D4F167C58837}.Release|Win32.ActiveCfg = Release|Win32
		{FE3675E8-55B7-4729-83DE-D4F167C58837}.Release|Win32.Build.0 = Release|Win32
		{54E1C608-4E54-4EAB-93CA-45B79A8E7CF1}.Debug|Win32.ActiveCfg = Debug|Win32
		{54E1C608-4E54-4EAB-93CA-45B79A8E7CF1}.Debug|Win32.Build.0 = Debug|Win32
		{54E1C608-4E54-4EAB-93CA-45B79A8E7CF1}.Release|Win32.ActiveCfg = Release|Win32
		{54E1C608-4E54-4EAB-93CA-45B79A8E7CF1}.Release|Win32.Build.0 = Release|Win32
	EndGlobalSection
	GlobalSection(SolutionProperties) = preSolution
		HideSolutionNode = FALSE
	EndGlobalSection
EndGlobal
